{
	"name": "gatsby-remark-liquid-tags",
	"version": "1.0.2",
	"lockfileVersion": 1,
	"requires": true,
	"dependencies": {
		"@types/unist": {
			"version": "2.0.3",
			"resolved": "https://registry.npmjs.org/@types/unist/-/unist-2.0.3.tgz",
			"integrity": "sha512-FvUupuM3rlRsRtCN+fDudtmytGO6iHJuuRKS1Ss0pG5z8oX0diNEw94UEL7hgDbpN94rgaK5R7sWm6RrSkZuAQ=="
		},
		"node-fetch": {
			"version": "2.6.0",
			"resolved": "https://registry.npmjs.org/node-fetch/-/node-fetch-2.6.0.tgz",
			"integrity": "sha512-8dG4H5ujfvFiqDmVu9fQ5bOHUC15JMjMY/Zumv26oOvvVJjM67KF8koCWIabKQ1GJIa9r2mMZscBq/TbdOcmNA=="
		},
		"unist-util-is": {
			"version": "4.0.0",
			"resolved": "https://registry.npmjs.org/unist-util-is/-/unist-util-is-4.0.0.tgz",
			"integrity": "sha512-E5JLUKRQlAYiJmN2PVBdSz01R3rUKRSM00X+0DB/yLqxdLu6wZZkRdTIsxDp9X+bkxh8Eq+O2YYRbZvLZtQT1A=="
		},
		"unist-util-visit": {
			"version": "2.0.0",
			"resolved": "https://registry.npmjs.org/unist-util-visit/-/unist-util-visit-2.0.0.tgz",
			"integrity": "sha512-kiTpWKsF54u/78L/UU/i7lxrnqGiEWBgqCpaIZBYP0gwUC+Akq0Ajm4U8JiNIoQNfAioBdsyarnOcTEAb9mLeQ==",
			"requires": {
				"@types/unist": "^2.0.0",
				"unist-util-is": "^4.0.0",
				"unist-util-visit-parents": "^3.0.0"
			}
		},
		"unist-util-visit-parents": {
			"version": "3.0.0",
			"resolved": "https://registry.npmjs.org/unist-util-visit-parents/-/unist-util-visit-parents-3.0.0.tgz",
			"integrity": "sha512-H3K8d81S4V3XVXVwLvrLGk+R5VILryfUotD06/R/rLsTsPLGjkn6gIP8qEEVITcuIySNYj0ocJLsePjm9F/Vcg==",
			"requires": {
				"@types/unist": "^2.0.3",
				"unist-util-is": "^4.0.0"
			}
		}
	}
}
